
Microsoft Visual Studio Solution File, Format Version 12.00
# Visual Studio 15
VisualStudioVersion = 15.0.28307.106
MinimumVisualStudioVersion = 10.0.40219.1
Project("{FAE04EC0-301F-11D3-BF4B-00C04F79EFBC}") = "WindowsFormsApp1", "WindowsFormsApp1\WindowsFormsApp1.csproj", "{B751ABC4-D11B-439F-B22A-098B01C5D932}"
EndProject
Project("{54435603-DBB4-11D2-8724-00A0C9A8B90C}") = "Notifire", "Notifire\Notifire.vdproj", "{11025FD1-FFD7-40D9-AEAB-49EB770E2211}"
EndProject
Global
	GlobalSection(SolutionConfigurationPlatforms) = preSolution
		Debug|Any CPU = Debug|Any CPU
		Debug|x86 = Debug|x86
		Release|Any CPU = Release|Any CPU
		Release|x86 = Release|x86
	EndGlobalSection
	GlobalSection(ProjectConfigurationPlatforms) = postSolution
		{B751ABC4-D11B-439F-B22A-098B01C5D932}.Debug|Any CPU.ActiveCfg = Debug|Any CPU
		{B751ABC4-D11B-439F-B22A-098B01C5D932}.Debug|Any CPU.Build.0 = Debug|Any CPU
		{B751ABC4-D11B-439F-B22A-098B01C5D932}.Debug|x86.ActiveCfg = Debug|Any CPU
		{B751ABC4-D11B-439F-B22A-098B01C5D932}.Debug|x86.Build.0 = Debug|Any CPU
		{B751ABC4-D11B-439F-B22A-098B01C5D932}.Release|Any CPU.ActiveCfg = Release|Any CPU
		{B751ABC4-D11B-439F-B22A-098B01C5D932}.Release|Any CPU.Build.0 = Release|Any CPU
		{B751ABC4-D11B-439F-B22A-098B01C5D932}.Release|x86.ActiveCfg = Release|Any CPU
		{B751ABC4-D11B-439F-B22A-098B01C5D932}.Release|x86.Build.0 = Release|Any CPU
		{11025FD1-FFD7-40D9-AEAB-49EB770E2211}.Debug|Any CPU.ActiveCfg = Debug
		{11025FD1-FFD7-40D9-AEAB-49EB770E2211}.Debug|x86.ActiveCfg = Debug
		{11025FD1-FFD7-40D9-AEAB-49EB770E2211}.Release|Any CPU.ActiveCfg = Release
		{11025FD1-FFD7-40D9-AEAB-49EB770E2211}.Release|x86.ActiveCfg = Release
	EndGlobalSection
	GlobalSection(SolutionProperties) = preSolution
		HideSolutionNode = FALSE
	EndGlobalSection
	GlobalSection(ExtensibilityGlobals) = postSolution
		SolutionGuid = {EEC79A41-EBB0-4BF2-BBEB-38B35838B12F}
	EndGlobalSection
EndGlobal
